
Microsoft Visual Studio Solution File, Format Version 12.00
# Visual Studio Version 16
VisualStudioVersion = 16.0.29911.84
MinimumVisualStudioVersion = 10.0.40219.1
Project("{9A19103F-16F7-4668-BE54-9A1E7A4F7556}") = "ScramNet.Ally.AssignVictimClient", "ScramNet.Ally.AssignVictimClient\ScramNet.Ally.AssignVictimClient.csproj", "{AD6455B3-9F7C-4D44-8DE2-2E970D8FB55B}"
EndProject
Project("{2150E333-8FDC-42A3-9474-1A3956D46DE8}") = "Solution Items", "Solution Items", "{277C5EDF-7745-4BC9-8A6C-91EE316412BF}"
	ProjectSection(SolutionItems) = preProject
		Dockerfile = Dockerfile
	EndProjectSection
EndProject
Global
	GlobalSection(SolutionConfigurationPlatforms) = preSolution
		Debug|Any CPU = Debug|Any CPU
		Release|Any CPU = Release|Any CPU
	EndGlobalSection
	GlobalSection(ProjectConfigurationPlatforms) = postSolution
		{AD6455B3-9F7C-4D44-8DE2-2E970D8FB55B}.Debug|Any CPU.ActiveCfg = Debug|Any CPU
		{AD6455B3-9F7C-4D44-8DE2-2E970D8FB55B}.Debug|Any CPU.Build.0 = Debug|Any CPU
		{AD6455B3-9F7C-4D44-8DE2-2E970D8FB55B}.Release|Any CPU.ActiveCfg = Release|Any CPU
		{AD6455B3-9F7C-4D44-8DE2-2E970D8FB55B}.Release|Any CPU.Build.0 = Release|Any CPU
	EndGlobalSection
	GlobalSection(SolutionProperties) = preSolution
		HideSolutionNode = FALSE
	EndGlobalSection
	GlobalSection(ExtensibilityGlobals) = postSolution
		SolutionGuid = {1686424F-F91D-49EB-9310-EBB398327352}
	EndGlobalSection
EndGlobal
